
Microsoft Visual Studio Solution File, Format Version 12.00
# Visual Studio Version 16
VisualStudioVersion = 16.0.28803.352
MinimumVisualStudioVersion = 10.0.40219.1
Project("{2150E333-8FDC-42A3-9474-1A3956D46DE8}") = "Solution items", "Solution items", "{732E47C7-E861-4587-8400-33116C479A53}"
	ProjectSection(SolutionItems) = preProject
		.gitignore = .gitignore
		app-setup-dev.cmd = app-setup-dev.cmd
		app-setup-dev.ps1 = app-setup-dev.ps1
		Banners.md = Banners.md
		Common.md = Common.md
		Forms.md = Forms.md
		HomePage.md = HomePage.md
		Jobs.md = Jobs.md
		LICENSE.md = LICENSE.md
		Location.md = Location.md
		MicrosoftCms.md = MicrosoftCms.md
		README.md = README.md
	EndProjectSection
EndProject
Project("{FAE04EC0-301F-11D3-BF4B-00C04F79EFBC}") = "Escc.EastSussexGovUK.Umbraco.Tests", "Escc.EastSussexGovUK.Umbraco.Tests\Escc.EastSussexGovUK.Umbraco.Tests.csproj", "{D89C69B5-1F50-4CF1-83F8-AE317F7D788F}"
EndProject
Project("{FAE04EC0-301F-11D3-BF4B-00C04F79EFBC}") = "Escc.EastSussexGovUK.Umbraco.Web", "Escc.EastSussexGovUK.Umbraco.Web\Escc.EastSussexGovUK.Umbraco.Web.csproj", "{D893DAC9-C4E3-4118-9346-82BD34E33AF6}"
EndProject
Project("{FAE04EC0-301F-11D3-BF4B-00C04F79EFBC}") = "Escc.Jobs.SendAlerts", "Escc.Jobs.SendAlerts\Escc.Jobs.SendAlerts.csproj", "{FFF936C0-8FB9-4D25-8844-8A6F44E2CDC8}"
EndProject
Project("{FAE04EC0-301F-11D3-BF4B-00C04F79EFBC}") = "Escc.EastSussexGovUK.Umbraco.Api", "Escc.EastSussexGovUK.Umbraco.Api\Escc.EastSussexGovUK.Umbraco.Api.csproj", "{C3A7DE09-4D5C-43F0-9BC5-56192911A84F}"
EndProject
Project("{FAE04EC0-301F-11D3-BF4B-00C04F79EFBC}") = "Escc.EastSussexGovUK.Umbraco", "Escc.EastSussexGovUK.Umbraco\Escc.EastSussexGovUK.Umbraco.csproj", "{2102837C-72B0-4687-86AE-F15D9921BA1C}"
EndProject
Project("{FAE04EC0-301F-11D3-BF4B-00C04F79EFBC}") = "Escc.EastSussexGovUK.Umbraco.Web.Tests", "Escc.EastSussexGovUK.Umbraco.Web.Tests\Escc.EastSussexGovUK.Umbraco.Web.Tests.csproj", "{9285EE2B-E375-4D08-91E5-882CF493BCFE}"
EndProject
Project("{FAE04EC0-301F-11D3-BF4B-00C04F79EFBC}") = "Escc.EastSussexGovUK.Umbraco.Api.Tests", "Escc.EastSussexGovUK.Umbraco.Api.Tests\Escc.EastSussexGovUK.Umbraco.Api.Tests.csproj", "{AF9E555F-AFFE-4DD9-9C72-4E40FF57B864}"
EndProject
Project("{FAE04EC0-301F-11D3-BF4B-00C04F79EFBC}") = "Escc.Jobs.UpdateIndexes", "Escc.Jobs.UpdateIndexes\Escc.Jobs.UpdateIndexes.csproj", "{328E9044-F8BD-462F-A51E-A6211C5ECDE0}"
EndProject
Global
	GlobalSection(SolutionConfigurationPlatforms) = preSolution
		Debug|Any CPU = Debug|Any CPU
		Release|Any CPU = Release|Any CPU
		UAT|Any CPU = UAT|Any CPU
	EndGlobalSection
	GlobalSection(ProjectConfigurationPlatforms) = postSolution
		{D89C69B5-1F50-4CF1-83F8-AE317F7D788F}.Debug|Any CPU.ActiveCfg = Debug|Any CPU
		{D89C69B5-1F50-4CF1-83F8-AE317F7D788F}.Debug|Any CPU.Build.0 = Debug|Any CPU
		{D89C69B5-1F50-4CF1-83F8-AE317F7D788F}.Release|Any CPU.ActiveCfg = Release|Any CPU
		{D89C69B5-1F50-4CF1-83F8-AE317F7D788F}.Release|Any CPU.Build.0 = Release|Any CPU
		{D89C69B5-1F50-4CF1-83F8-AE317F7D788F}.UAT|Any CPU.ActiveCfg = Release|Any CPU
		{D89C69B5-1F50-4CF1-83F8-AE317F7D788F}.UAT|Any CPU.Build.0 = Release|Any CPU
		{D893DAC9-C4E3-4118-9346-82BD34E33AF6}.Debug|Any CPU.ActiveCfg = Debug|Any CPU
		{D893DAC9-C4E3-4118-9346-82BD34E33AF6}.Debug|Any CPU.Build.0 = Debug|Any CPU
		{D893DAC9-C4E3-4118-9346-82BD34E33AF6}.Release|Any CPU.ActiveCfg = Release|Any CPU
		{D893DAC9-C4E3-4118-9346-82BD34E33AF6}.Release|Any CPU.Build.0 = Release|Any CPU
		{D893DAC9-C4E3-4118-9346-82BD34E33AF6}.UAT|Any CPU.ActiveCfg = Release|Any CPU
		{D893DAC9-C4E3-4118-9346-82BD34E33AF6}.UAT|Any CPU.Build.0 = Release|Any CPU
		{FFF936C0-8FB9-4D25-8844-8A6F44E2CDC8}.Debug|Any CPU.ActiveCfg = Debug|Any CPU
		{FFF936C0-8FB9-4D25-8844-8A6F44E2CDC8}.Debug|Any CPU.Build.0 = Debug|Any CPU
		{FFF936C0-8FB9-4D25-8844-8A6F44E2CDC8}.Release|Any CPU.ActiveCfg = Release|Any CPU
		{FFF936C0-8FB9-4D25-8844-8A6F44E2CDC8}.Release|Any CPU.Build.0 = Release|Any CPU
		{FFF936C0-8FB9-4D25-8844-8A6F44E2CDC8}.UAT|Any CPU.ActiveCfg = Release|Any CPU
		{FFF936C0-8FB9-4D25-8844-8A6F44E2CDC8}.UAT|Any CPU.Build.0 = Release|Any CPU
		{C3A7DE09-4D5C-43F0-9BC5-56192911A84F}.Debug|Any CPU.ActiveCfg = Debug|Any CPU
		{C3A7DE09-4D5C-43F0-9BC5-56192911A84F}.Debug|Any CPU.Build.0 = Debug|Any CPU
		{C3A7DE09-4D5C-43F0-9BC5-56192911A84F}.Release|Any CPU.ActiveCfg = Release|Any CPU
		{C3A7DE09-4D5C-43F0-9BC5-56192911A84F}.Release|Any CPU.Build.0 = Release|Any CPU
		{C3A7DE09-4D5C-43F0-9BC5-56192911A84F}.UAT|Any CPU.ActiveCfg = Release|Any CPU
		{C3A7DE09-4D5C-43F0-9BC5-56192911A84F}.UAT|Any CPU.Build.0 = Release|Any CPU
		{2102837C-72B0-4687-86AE-F15D9921BA1C}.Debug|Any CPU.ActiveCfg = Debug|Any CPU
		{2102837C-72B0-4687-86AE-F15D9921BA1C}.Debug|Any CPU.Build.0 = Debug|Any CPU
		{2102837C-72B0-4687-86AE-F15D9921BA1C}.Release|Any CPU.ActiveCfg = Release|Any CPU
		{2102837C-72B0-4687-86AE-F15D9921BA1C}.Release|Any CPU.Build.0 = Release|Any CPU
		{2102837C-72B0-4687-86AE-F15D9921BA1C}.UAT|Any CPU.ActiveCfg = Release|Any CPU
		{2102837C-72B0-4687-86AE-F15D9921BA1C}.UAT|Any CPU.Build.0 = Release|Any CPU
		{9285EE2B-E375-4D08-91E5-882CF493BCFE}.Debug|Any CPU.ActiveCfg = Debug|Any CPU
		{9285EE2B-E375-4D08-91E5-882CF493BCFE}.Debug|Any CPU.Build.0 = Debug|Any CPU
		{9285EE2B-E375-4D08-91E5-882CF493BCFE}.Release|Any CPU.ActiveCfg = Release|Any CPU
		{9285EE2B-E375-4D08-91E5-882CF493BCFE}.Release|Any CPU.Build.0 = Release|Any CPU
		{9285EE2B-E375-4D08-91E5-882CF493BCFE}.UAT|Any CPU.ActiveCfg = Release|Any CPU
		{9285EE2B-E375-4D08-91E5-882CF493BCFE}.UAT|Any CPU.Build.0 = Release|Any CPU
		{AF9E555F-AFFE-4DD9-9C72-4E40FF57B864}.Debug|Any CPU.ActiveCfg = Debug|Any CPU
		{AF9E555F-AFFE-4DD9-9C72-4E40FF57B864}.Debug|Any CPU.Build.0 = Debug|Any CPU
		{AF9E555F-AFFE-4DD9-9C72-4E40FF57B864}.Release|Any CPU.ActiveCfg = Release|Any CPU
		{AF9E555F-AFFE-4DD9-9C72-4E40FF57B864}.Release|Any CPU.Build.0 = Release|Any CPU
		{AF9E555F-AFFE-4DD9-9C72-4E40FF57B864}.UAT|Any CPU.ActiveCfg = Release|Any CPU
		{AF9E555F-AFFE-4DD9-9C72-4E40FF57B864}.UAT|Any CPU.Build.0 = Release|Any CPU
		{328E9044-F8BD-462F-A51E-A6211C5ECDE0}.Debug|Any CPU.ActiveCfg = Debug|Any CPU
		{328E9044-F8BD-462F-A51E-A6211C5ECDE0}.Debug|Any CPU.Build.0 = Debug|Any CPU
		{328E9044-F8BD-462F-A51E-A6211C5ECDE0}.Release|Any CPU.ActiveCfg = Release|Any CPU
		{328E9044-F8BD-462F-A51E-A6211C5ECDE0}.Release|Any CPU.Build.0 = Release|Any CPU
		{328E9044-F8BD-462F-A51E-A6211C5ECDE0}.UAT|Any CPU.ActiveCfg = Release|Any CPU
		{328E9044-F8BD-462F-A51E-A6211C5ECDE0}.UAT|Any CPU.Build.0 = Release|Any CPU
	EndGlobalSection
	GlobalSection(SolutionProperties) = preSolution
		HideSolutionNode = FALSE
	EndGlobalSection
	GlobalSection(ExtensibilityGlobals) = postSolution
		SolutionGuid = {77AE088F-63BF-49C0-A8CC-29A74ABFB1AE}
	EndGlobalSection
EndGlobal
