
Microsoft Visual Studio Solution File, Format Version 12.00
# Visual Studio 2013
VisualStudioVersion = 12.0.31101.0
MinimumVisualStudioVersion = 10.0.40219.1
Project("{FAE04EC0-301F-11D3-BF4B-00C04F79EFBC}") = "Escc.EastSussexGovUK.Umbraco", "Escc.EastSussexGovUK.Umbraco.csproj", "{2A2881F4-EC23-4C6A-86D6-3086F957CFF5}"
EndProject
Project("{FAE04EC0-301F-11D3-BF4B-00C04F79EFBC}") = "EsccWebTeam.EastSussexGovUK", "..\Escc.EastSussexGovUK\EsccWebTeam.EastSussexGovUK.csproj", "{1426FEF0-23DC-4C23-AE15-67F2527BD741}"
EndProject
Project("{FAE04EC0-301F-11D3-BF4B-00C04F79EFBC}") = "EsccWebTeam.Data.Web", "..\Escc.Data.Web\EsccWebTeam.Data.Web.csproj", "{9C56D3DD-4952-4A1B-9AD6-907A1142872F}"
EndProject
Project("{FAE04EC0-301F-11D3-BF4B-00C04F79EFBC}") = "EsccWebTeam.HouseStyle", "..\Escc.HouseStyle\EsccWebTeam.HouseStyle.csproj", "{1C429378-DBF2-4AF7-88AC-C059AA163682}"
EndProject
Project("{FAE04EC0-301F-11D3-BF4B-00C04F79EFBC}") = "EsccWebTeam.Data.ActiveDirectory", "..\Escc.Data.ActiveDirectory\EsccWebTeam.Data.ActiveDirectory.csproj", "{5F1BBB42-C1C6-4110-A3E4-720420A3C27D}"
EndProject
Project("{FAE04EC0-301F-11D3-BF4B-00C04F79EFBC}") = "EsccWebTeam.Data.Xml", "..\Escc.Data.Xml\EsccWebTeam.Data.Xml.csproj", "{86B2725C-9C37-44A4-93C7-F5122AFA0809}"
EndProject
Project("{FAE04EC0-301F-11D3-BF4B-00C04F79EFBC}") = "EsccWebTeam.Egms", "..\Escc.Egms\EsccWebTeam.Egms.csproj", "{78083DCB-B12F-4950-86C5-3A844D8604F3}"
EndProject
Project("{FAE04EC0-301F-11D3-BF4B-00C04F79EFBC}") = "EsccWebTeam.Cms", "..\Escc.Cms\EsccWebTeam.Cms.csproj", "{6710E9EE-DEAB-4569-ACE6-F10159D6D447}"
EndProject
Project("{FAE04EC0-301F-11D3-BF4B-00C04F79EFBC}") = "EsccWebTeam.Feeds", "..\Escc.Feeds\EsccWebTeam.Feeds.csproj", "{08008B80-1B37-41B9-935B-FDDDDB4DAE84}"
EndProject
Project("{FAE04EC0-301F-11D3-BF4B-00C04F79EFBC}") = "EsccWebTeam.NavigationControls", "..\Escc.NavigationControls\EsccWebTeam.NavigationControls.csproj", "{0323F668-1723-44A1-8C94-F91DC59EF315}"
EndProject
Project("{FAE04EC0-301F-11D3-BF4B-00C04F79EFBC}") = "Escc.EastSussexGovUK.Mvc", "..\Escc.EastSussexGovUK.Mvc\Escc.EastSussexGovUK.Mvc.csproj", "{173CAC2D-510E-4763-B0A3-4928A0C4E611}"
EndProject
Project("{FAE04EC0-301F-11D3-BF4B-00C04F79EFBC}") = "Escc.Elibrary", "..\Escc.Elibrary\Escc.Elibrary.csproj", "{3D2240E0-D165-4C52-A97B-730542975D3A}"
EndProject
Global
	GlobalSection(SolutionConfigurationPlatforms) = preSolution
		Debug|Any CPU = Debug|Any CPU
		Release|Any CPU = Release|Any CPU
		UAT|Any CPU = UAT|Any CPU
	EndGlobalSection
	GlobalSection(ProjectConfigurationPlatforms) = postSolution
		{2A2881F4-EC23-4C6A-86D6-3086F957CFF5}.Debug|Any CPU.ActiveCfg = Debug|Any CPU
		{2A2881F4-EC23-4C6A-86D6-3086F957CFF5}.Debug|Any CPU.Build.0 = Debug|Any CPU
		{2A2881F4-EC23-4C6A-86D6-3086F957CFF5}.Release|Any CPU.ActiveCfg = Release|Any CPU
		{2A2881F4-EC23-4C6A-86D6-3086F957CFF5}.Release|Any CPU.Build.0 = Release|Any CPU
		{2A2881F4-EC23-4C6A-86D6-3086F957CFF5}.UAT|Any CPU.ActiveCfg = Release|Any CPU
		{2A2881F4-EC23-4C6A-86D6-3086F957CFF5}.UAT|Any CPU.Build.0 = Release|Any CPU
		{1426FEF0-23DC-4C23-AE15-67F2527BD741}.Debug|Any CPU.ActiveCfg = Debug|Any CPU
		{1426FEF0-23DC-4C23-AE15-67F2527BD741}.Debug|Any CPU.Build.0 = Debug|Any CPU
		{1426FEF0-23DC-4C23-AE15-67F2527BD741}.Release|Any CPU.ActiveCfg = Release|Any CPU
		{1426FEF0-23DC-4C23-AE15-67F2527BD741}.Release|Any CPU.Build.0 = Release|Any CPU
		{1426FEF0-23DC-4C23-AE15-67F2527BD741}.UAT|Any CPU.ActiveCfg = Release|Any CPU
		{1426FEF0-23DC-4C23-AE15-67F2527BD741}.UAT|Any CPU.Build.0 = Release|Any CPU
		{9C56D3DD-4952-4A1B-9AD6-907A1142872F}.Debug|Any CPU.ActiveCfg = Debug|Any CPU
		{9C56D3DD-4952-4A1B-9AD6-907A1142872F}.Debug|Any CPU.Build.0 = Debug|Any CPU
		{9C56D3DD-4952-4A1B-9AD6-907A1142872F}.Release|Any CPU.ActiveCfg = Release|Any CPU
		{9C56D3DD-4952-4A1B-9AD6-907A1142872F}.Release|Any CPU.Build.0 = Release|Any CPU
		{9C56D3DD-4952-4A1B-9AD6-907A1142872F}.UAT|Any CPU.ActiveCfg = Release|Any CPU
		{9C56D3DD-4952-4A1B-9AD6-907A1142872F}.UAT|Any CPU.Build.0 = Release|Any CPU
		{1C429378-DBF2-4AF7-88AC-C059AA163682}.Debug|Any CPU.ActiveCfg = Debug|Any CPU
		{1C429378-DBF2-4AF7-88AC-C059AA163682}.Debug|Any CPU.Build.0 = Debug|Any CPU
		{1C429378-DBF2-4AF7-88AC-C059AA163682}.Release|Any CPU.ActiveCfg = Release|Any CPU
		{1C429378-DBF2-4AF7-88AC-C059AA163682}.Release|Any CPU.Build.0 = Release|Any CPU
		{1C429378-DBF2-4AF7-88AC-C059AA163682}.UAT|Any CPU.ActiveCfg = Release|Any CPU
		{1C429378-DBF2-4AF7-88AC-C059AA163682}.UAT|Any CPU.Build.0 = Release|Any CPU
		{5F1BBB42-C1C6-4110-A3E4-720420A3C27D}.Debug|Any CPU.ActiveCfg = Debug|Any CPU
		{5F1BBB42-C1C6-4110-A3E4-720420A3C27D}.Debug|Any CPU.Build.0 = Debug|Any CPU
		{5F1BBB42-C1C6-4110-A3E4-720420A3C27D}.Release|Any CPU.ActiveCfg = Release|Any CPU
		{5F1BBB42-C1C6-4110-A3E4-720420A3C27D}.Release|Any CPU.Build.0 = Release|Any CPU
		{5F1BBB42-C1C6-4110-A3E4-720420A3C27D}.UAT|Any CPU.ActiveCfg = Release|Any CPU
		{5F1BBB42-C1C6-4110-A3E4-720420A3C27D}.UAT|Any CPU.Build.0 = Release|Any CPU
		{86B2725C-9C37-44A4-93C7-F5122AFA0809}.Debug|Any CPU.ActiveCfg = Debug|Any CPU
		{86B2725C-9C37-44A4-93C7-F5122AFA0809}.Debug|Any CPU.Build.0 = Debug|Any CPU
		{86B2725C-9C37-44A4-93C7-F5122AFA0809}.Release|Any CPU.ActiveCfg = Release|Any CPU
		{86B2725C-9C37-44A4-93C7-F5122AFA0809}.Release|Any CPU.Build.0 = Release|Any CPU
		{86B2725C-9C37-44A4-93C7-F5122AFA0809}.UAT|Any CPU.ActiveCfg = UAT|Any CPU
		{86B2725C-9C37-44A4-93C7-F5122AFA0809}.UAT|Any CPU.Build.0 = UAT|Any CPU
		{78083DCB-B12F-4950-86C5-3A844D8604F3}.Debug|Any CPU.ActiveCfg = Debug|Any CPU
		{78083DCB-B12F-4950-86C5-3A844D8604F3}.Debug|Any CPU.Build.0 = Debug|Any CPU
		{78083DCB-B12F-4950-86C5-3A844D8604F3}.Release|Any CPU.ActiveCfg = Release|Any CPU
		{78083DCB-B12F-4950-86C5-3A844D8604F3}.Release|Any CPU.Build.0 = Release|Any CPU
		{78083DCB-B12F-4950-86C5-3A844D8604F3}.UAT|Any CPU.ActiveCfg = UAT|Any CPU
		{78083DCB-B12F-4950-86C5-3A844D8604F3}.UAT|Any CPU.Build.0 = UAT|Any CPU
		{6710E9EE-DEAB-4569-ACE6-F10159D6D447}.Debug|Any CPU.ActiveCfg = Debug|Any CPU
		{6710E9EE-DEAB-4569-ACE6-F10159D6D447}.Debug|Any CPU.Build.0 = Debug|Any CPU
		{6710E9EE-DEAB-4569-ACE6-F10159D6D447}.Release|Any CPU.ActiveCfg = Release|Any CPU
		{6710E9EE-DEAB-4569-ACE6-F10159D6D447}.Release|Any CPU.Build.0 = Release|Any CPU
		{6710E9EE-DEAB-4569-ACE6-F10159D6D447}.UAT|Any CPU.ActiveCfg = Release|Any CPU
		{6710E9EE-DEAB-4569-ACE6-F10159D6D447}.UAT|Any CPU.Build.0 = Release|Any CPU
		{08008B80-1B37-41B9-935B-FDDDDB4DAE84}.Debug|Any CPU.ActiveCfg = Debug|Any CPU
		{08008B80-1B37-41B9-935B-FDDDDB4DAE84}.Debug|Any CPU.Build.0 = Debug|Any CPU
		{08008B80-1B37-41B9-935B-FDDDDB4DAE84}.Release|Any CPU.ActiveCfg = Release|Any CPU
		{08008B80-1B37-41B9-935B-FDDDDB4DAE84}.Release|Any CPU.Build.0 = Release|Any CPU
		{08008B80-1B37-41B9-935B-FDDDDB4DAE84}.UAT|Any CPU.ActiveCfg = Release|Any CPU
		{08008B80-1B37-41B9-935B-FDDDDB4DAE84}.UAT|Any CPU.Build.0 = Release|Any CPU
		{0323F668-1723-44A1-8C94-F91DC59EF315}.Debug|Any CPU.ActiveCfg = Debug|Any CPU
		{0323F668-1723-44A1-8C94-F91DC59EF315}.Debug|Any CPU.Build.0 = Debug|Any CPU
		{0323F668-1723-44A1-8C94-F91DC59EF315}.Release|Any CPU.ActiveCfg = Release|Any CPU
		{0323F668-1723-44A1-8C94-F91DC59EF315}.Release|Any CPU.Build.0 = Release|Any CPU
		{0323F668-1723-44A1-8C94-F91DC59EF315}.UAT|Any CPU.ActiveCfg = Release|Any CPU
		{0323F668-1723-44A1-8C94-F91DC59EF315}.UAT|Any CPU.Build.0 = Release|Any CPU
		{173CAC2D-510E-4763-B0A3-4928A0C4E611}.Debug|Any CPU.ActiveCfg = Debug|Any CPU
		{173CAC2D-510E-4763-B0A3-4928A0C4E611}.Debug|Any CPU.Build.0 = Debug|Any CPU
		{173CAC2D-510E-4763-B0A3-4928A0C4E611}.Release|Any CPU.ActiveCfg = Release|Any CPU
		{173CAC2D-510E-4763-B0A3-4928A0C4E611}.Release|Any CPU.Build.0 = Release|Any CPU
		{173CAC2D-510E-4763-B0A3-4928A0C4E611}.UAT|Any CPU.ActiveCfg = Release|Any CPU
		{173CAC2D-510E-4763-B0A3-4928A0C4E611}.UAT|Any CPU.Build.0 = Release|Any CPU
		{3D2240E0-D165-4C52-A97B-730542975D3A}.Debug|Any CPU.ActiveCfg = Debug|Any CPU
		{3D2240E0-D165-4C52-A97B-730542975D3A}.Debug|Any CPU.Build.0 = Debug|Any CPU
		{3D2240E0-D165-4C52-A97B-730542975D3A}.Release|Any CPU.ActiveCfg = Release|Any CPU
		{3D2240E0-D165-4C52-A97B-730542975D3A}.Release|Any CPU.Build.0 = Release|Any CPU
		{3D2240E0-D165-4C52-A97B-730542975D3A}.UAT|Any CPU.ActiveCfg = Release|Any CPU
		{3D2240E0-D165-4C52-A97B-730542975D3A}.UAT|Any CPU.Build.0 = Release|Any CPU
	EndGlobalSection
	GlobalSection(SolutionProperties) = preSolution
		HideSolutionNode = FALSE
	EndGlobalSection
EndGlobal
